# THIS IS AN AUTOGENERATED FILE. DO NOT EDIT THIS FILE DIRECTLY.
# yarn lockfile v1


image_picker@^1.0.0:
  version "1.0.0"
  resolved "https://registry.yarnpkg.com/image_picker/-/image_picker-1.0.0.tgz#869cac213459c51f4840a9af5d7b2fa1226f8ce0"
  integrity sha512-kMx5lZ1TpgjnUPUJz/wCF8tpcYfZz4cSkuIoWraeaBR8Rb2MTziMqXKlDIS0FCWTdSLrtB3xjw/YXTj97mqOLw==
